
Microsoft Visual Studio Solution File, Format Version 12.00
Project("{FAE04EC0-301F-11D3-BF4B-00C04F79EFBC}") = "HealthMonitor.AppHost", "HealthMonitor.AppHost\HealthMonitor.AppHost.csproj", "{F83A7C0E-EDBF-46C5-8620-28543CACA0C1}"
EndProject
Project("{FAE04EC0-301F-11D3-BF4B-00C04F79EFBC}") = "HealthMonitor", "HealthMonitor\HealthMonitor.csproj", "{A55DC2F0-DB22-4A6E-8AAA-5614C0F3B1F8}"
EndProject
Project("{FAE04EC0-301F-11D3-BF4B-00C04F79EFBC}") = "HealthMonitor.Client", "HealthMonitor.Client\HealthMonitor.Client.csproj", "{3A557A82-C7A5-4D49-8E46-A0942136A4A5}"
EndProject
Project("{FAE04EC0-301F-11D3-BF4B-00C04F79EFBC}") = "HealthMonitor.Model", "HealthMonitor.Model\HealthMonitor.Model.csproj", "{77835CF8-6EDA-4390-BF9E-328977B7F5F4}"
EndProject
Project("{FAE04EC0-301F-11D3-BF4B-00C04F79EFBC}") = "HealthMonitor.Grains.Abstraction", "HealthMonitor.Grains.Abstraction\HealthMonitor.Grains.Abstraction.csproj", "{4B1C8A25-C8C7-4528-A324-5ED3ECD7F786}"
EndProject
Project("{FAE04EC0-301F-11D3-BF4B-00C04F79EFBC}") = "HealthMonitor.Cluster", "HealthMonitor.Cluster\HealthMonitor.Cluster.csproj", "{7F4F3F7A-384F-47B2-B2E3-66C3D2046B5C}"
EndProject
Project("{2150E333-8FDC-42A3-9474-1A3956D46DE8}") = "Docker Resource", "Docker Resource", "{DB62F9F3-CA3B-4C94-95EC-FA4D7D8FF29D}"
	ProjectSection(SolutionItems) = preProject
		dockerfile-cluster = dockerfile-cluster
		dockerfile-server = dockerfile-server
	EndProjectSection
EndProject
Project("{FAE04EC0-301F-11D3-BF4B-00C04F79EFBC}") = "HealthMonitor.Tests", "HealthMonitor.Tests\HealthMonitor.Tests.csproj", "{7290FB98-87B4-4BEA-9CCB-8E3AFBF2C86A}"
EndProject
Project("{FAE04EC0-301F-11D3-BF4B-00C04F79EFBC}") = "HealthMonitor.PlaywrightTests", "HealthMonitor.PlaywrightTests\HealthMonitor.PlaywrightTests.csproj", "{80D5922F-F069-4CFE-9BE7-C79AF2BBB4D8}"
EndProject
Project("{FAE04EC0-301F-11D3-BF4B-00C04F79EFBC}") = "HealthMonitor.Cluster.Tests", "HealthMonitor.Cluster.Tests\HealthMonitor.Cluster.Tests.csproj", "{D268A3B8-6EA5-4ED6-81C2-056EF9C0342F}"
EndProject
Project("{2150E333-8FDC-42A3-9474-1A3956D46DE8}") = "doc", "doc", "{6599892D-BFBF-456C-BB15-1F793B2A69BA}"
	ProjectSection(SolutionItems) = preProject
		README.md = README.md
		docs\ARCHITECTURE.md = docs\ARCHITECTURE.md
		docs\USER_GUIDE.md = docs\USER_GUIDE.md
	EndProjectSection
EndProject
Global
	GlobalSection(SolutionConfigurationPlatforms) = preSolution
		Debug|Any CPU = Debug|Any CPU
		Debug|x64 = Debug|x64
		Debug|x86 = Debug|x86
		Release|Any CPU = Release|Any CPU
		Release|x64 = Release|x64
		Release|x86 = Release|x86
	EndGlobalSection
	GlobalSection(ProjectConfigurationPlatforms) = postSolution
		{F83A7C0E-EDBF-46C5-8620-28543CACA0C1}.Debug|Any CPU.ActiveCfg = Debug|Any CPU
		{F83A7C0E-EDBF-46C5-8620-28543CACA0C1}.Debug|Any CPU.Build.0 = Debug|Any CPU
		{F83A7C0E-EDBF-46C5-8620-28543CACA0C1}.Debug|x64.ActiveCfg = Debug|Any CPU
		{F83A7C0E-EDBF-46C5-8620-28543CACA0C1}.Debug|x64.Build.0 = Debug|Any CPU
		{F83A7C0E-EDBF-46C5-8620-28543CACA0C1}.Debug|x86.ActiveCfg = Debug|Any CPU
		{F83A7C0E-EDBF-46C5-8620-28543CACA0C1}.Debug|x86.Build.0 = Debug|Any CPU
		{F83A7C0E-EDBF-46C5-8620-28543CACA0C1}.Release|Any CPU.ActiveCfg = Release|Any CPU
		{F83A7C0E-EDBF-46C5-8620-28543CACA0C1}.Release|Any CPU.Build.0 = Release|Any CPU
		{F83A7C0E-EDBF-46C5-8620-28543CACA0C1}.Release|x64.ActiveCfg = Release|Any CPU
		{F83A7C0E-EDBF-46C5-8620-28543CACA0C1}.Release|x64.Build.0 = Release|Any CPU
		{F83A7C0E-EDBF-46C5-8620-28543CACA0C1}.Release|x86.ActiveCfg = Release|Any CPU
		{F83A7C0E-EDBF-46C5-8620-28543CACA0C1}.Release|x86.Build.0 = Release|Any CPU
		{A55DC2F0-DB22-4A6E-8AAA-5614C0F3B1F8}.Debug|Any CPU.ActiveCfg = Debug|Any CPU
		{A55DC2F0-DB22-4A6E-8AAA-5614C0F3B1F8}.Debug|Any CPU.Build.0 = Debug|Any CPU
		{A55DC2F0-DB22-4A6E-8AAA-5614C0F3B1F8}.Debug|x64.ActiveCfg = Debug|Any CPU
		{A55DC2F0-DB22-4A6E-8AAA-5614C0F3B1F8}.Debug|x64.Build.0 = Debug|Any CPU
		{A55DC2F0-DB22-4A6E-8AAA-5614C0F3B1F8}.Debug|x86.ActiveCfg = Debug|Any CPU
		{A55DC2F0-DB22-4A6E-8AAA-5614C0F3B1F8}.Debug|x86.Build.0 = Debug|Any CPU
		{A55DC2F0-DB22-4A6E-8AAA-5614C0F3B1F8}.Release|Any CPU.ActiveCfg = Release|Any CPU
		{A55DC2F0-DB22-4A6E-8AAA-5614C0F3B1F8}.Release|Any CPU.Build.0 = Release|Any CPU
		{A55DC2F0-DB22-4A6E-8AAA-5614C0F3B1F8}.Release|x64.ActiveCfg = Release|Any CPU
		{A55DC2F0-DB22-4A6E-8AAA-5614C0F3B1F8}.Release|x64.Build.0 = Release|Any CPU
		{A55DC2F0-DB22-4A6E-8AAA-5614C0F3B1F8}.Release|x86.ActiveCfg = Release|Any CPU
		{A55DC2F0-DB22-4A6E-8AAA-5614C0F3B1F8}.Release|x86.Build.0 = Release|Any CPU
		{3A557A82-C7A5-4D49-8E46-A0942136A4A5}.Debug|Any CPU.ActiveCfg = Debug|Any CPU
		{3A557A82-C7A5-4D49-8E46-A0942136A4A5}.Debug|Any CPU.Build.0 = Debug|Any CPU
		{3A557A82-C7A5-4D49-8E46-A0942136A4A5}.Debug|x64.ActiveCfg = Debug|Any CPU
		{3A557A82-C7A5-4D49-8E46-A0942136A4A5}.Debug|x64.Build.0 = Debug|Any CPU
		{3A557A82-C7A5-4D49-8E46-A0942136A4A5}.Debug|x86.ActiveCfg = Debug|Any CPU
		{3A557A82-C7A5-4D49-8E46-A0942136A4A5}.Debug|x86.Build.0 = Debug|Any CPU
		{3A557A82-C7A5-4D49-8E46-A0942136A4A5}.Release|Any CPU.ActiveCfg = Release|Any CPU
		{3A557A82-C7A5-4D49-8E46-A0942136A4A5}.Release|Any CPU.Build.0 = Release|Any CPU
		{3A557A82-C7A5-4D49-8E46-A0942136A4A5}.Release|x64.ActiveCfg = Release|Any CPU
		{3A557A82-C7A5-4D49-8E46-A0942136A4A5}.Release|x64.Build.0 = Release|Any CPU
		{3A557A82-C7A5-4D49-8E46-A0942136A4A5}.Release|x86.ActiveCfg = Release|Any CPU
		{3A557A82-C7A5-4D49-8E46-A0942136A4A5}.Release|x86.Build.0 = Release|Any CPU
		{77835CF8-6EDA-4390-BF9E-328977B7F5F4}.Debug|Any CPU.ActiveCfg = Debug|Any CPU
		{77835CF8-6EDA-4390-BF9E-328977B7F5F4}.Debug|Any CPU.Build.0 = Debug|Any CPU
		{77835CF8-6EDA-4390-BF9E-328977B7F5F4}.Debug|x64.ActiveCfg = Debug|Any CPU
		{77835CF8-6EDA-4390-BF9E-328977B7F5F4}.Debug|x64.Build.0 = Debug|Any CPU
		{77835CF8-6EDA-4390-BF9E-328977B7F5F4}.Debug|x86.ActiveCfg = Debug|Any CPU
		{77835CF8-6EDA-4390-BF9E-328977B7F5F4}.Debug|x86.Build.0 = Debug|Any CPU
		{77835CF8-6EDA-4390-BF9E-328977B7F5F4}.Release|Any CPU.ActiveCfg = Release|Any CPU
		{77835CF8-6EDA-4390-BF9E-328977B7F5F4}.Release|Any CPU.Build.0 = Release|Any CPU
		{77835CF8-6EDA-4390-BF9E-328977B7F5F4}.Release|x64.ActiveCfg = Release|Any CPU
		{77835CF8-6EDA-4390-BF9E-328977B7F5F4}.Release|x64.Build.0 = Release|Any CPU
		{77835CF8-6EDA-4390-BF9E-328977B7F5F4}.Release|x86.ActiveCfg = Release|Any CPU
		{77835CF8-6EDA-4390-BF9E-328977B7F5F4}.Release|x86.Build.0 = Release|Any CPU
		{4B1C8A25-C8C7-4528-A324-5ED3ECD7F786}.Debug|Any CPU.ActiveCfg = Debug|Any CPU
		{4B1C8A25-C8C7-4528-A324-5ED3ECD7F786}.Debug|Any CPU.Build.0 = Debug|Any CPU
		{4B1C8A25-C8C7-4528-A324-5ED3ECD7F786}.Debug|x64.ActiveCfg = Debug|Any CPU
		{4B1C8A25-C8C7-4528-A324-5ED3ECD7F786}.Debug|x64.Build.0 = Debug|Any CPU
		{4B1C8A25-C8C7-4528-A324-5ED3ECD7F786}.Debug|x86.ActiveCfg = Debug|Any CPU
		{4B1C8A25-C8C7-4528-A324-5ED3ECD7F786}.Debug|x86.Build.0 = Debug|Any CPU
		{4B1C8A25-C8C7-4528-A324-5ED3ECD7F786}.Release|Any CPU.ActiveCfg = Release|Any CPU
		{4B1C8A25-C8C7-4528-A324-5ED3ECD7F786}.Release|Any CPU.Build.0 = Release|Any CPU
		{4B1C8A25-C8C7-4528-A324-5ED3ECD7F786}.Release|x64.ActiveCfg = Release|Any CPU
		{4B1C8A25-C8C7-4528-A324-5ED3ECD7F786}.Release|x64.Build.0 = Release|Any CPU
		{4B1C8A25-C8C7-4528-A324-5ED3ECD7F786}.Release|x86.ActiveCfg = Release|Any CPU
		{4B1C8A25-C8C7-4528-A324-5ED3ECD7F786}.Release|x86.Build.0 = Release|Any CPU
		{7F4F3F7A-384F-47B2-B2E3-66C3D2046B5C}.Debug|Any CPU.ActiveCfg = Debug|Any CPU
		{7F4F3F7A-384F-47B2-B2E3-66C3D2046B5C}.Debug|Any CPU.Build.0 = Debug|Any CPU
		{7F4F3F7A-384F-47B2-B2E3-66C3D2046B5C}.Debug|x64.ActiveCfg = Debug|Any CPU
		{7F4F3F7A-384F-47B2-B2E3-66C3D2046B5C}.Debug|x64.Build.0 = Debug|Any CPU
		{7F4F3F7A-384F-47B2-B2E3-66C3D2046B5C}.Debug|x86.ActiveCfg = Debug|Any CPU
		{7F4F3F7A-384F-47B2-B2E3-66C3D2046B5C}.Debug|x86.Build.0 = Debug|Any CPU
		{7F4F3F7A-384F-47B2-B2E3-66C3D2046B5C}.Release|Any CPU.ActiveCfg = Release|Any CPU
		{7F4F3F7A-384F-47B2-B2E3-66C3D2046B5C}.Release|Any CPU.Build.0 = Release|Any CPU
		{7F4F3F7A-384F-47B2-B2E3-66C3D2046B5C}.Release|x64.ActiveCfg = Release|Any CPU
		{7F4F3F7A-384F-47B2-B2E3-66C3D2046B5C}.Release|x64.Build.0 = Release|Any CPU
		{7F4F3F7A-384F-47B2-B2E3-66C3D2046B5C}.Release|x86.ActiveCfg = Release|Any CPU
		{7F4F3F7A-384F-47B2-B2E3-66C3D2046B5C}.Release|x86.Build.0 = Release|Any CPU
		{7290FB98-87B4-4BEA-9CCB-8E3AFBF2C86A}.Debug|Any CPU.ActiveCfg = Debug|Any CPU
		{7290FB98-87B4-4BEA-9CCB-8E3AFBF2C86A}.Debug|Any CPU.Build.0 = Debug|Any CPU
		{7290FB98-87B4-4BEA-9CCB-8E3AFBF2C86A}.Debug|x64.ActiveCfg = Debug|Any CPU
		{7290FB98-87B4-4BEA-9CCB-8E3AFBF2C86A}.Debug|x64.Build.0 = Debug|Any CPU
		{7290FB98-87B4-4BEA-9CCB-8E3AFBF2C86A}.Debug|x86.ActiveCfg = Debug|Any CPU
		{7290FB98-87B4-4BEA-9CCB-8E3AFBF2C86A}.Debug|x86.Build.0 = Debug|Any CPU
		{7290FB98-87B4-4BEA-9CCB-8E3AFBF2C86A}.Release|Any CPU.ActiveCfg = Release|Any CPU
		{7290FB98-87B4-4BEA-9CCB-8E3AFBF2C86A}.Release|Any CPU.Build.0 = Release|Any CPU
		{7290FB98-87B4-4BEA-9CCB-8E3AFBF2C86A}.Release|x64.ActiveCfg = Release|Any CPU
		{7290FB98-87B4-4BEA-9CCB-8E3AFBF2C86A}.Release|x64.Build.0 = Release|Any CPU
		{7290FB98-87B4-4BEA-9CCB-8E3AFBF2C86A}.Release|x86.ActiveCfg = Release|Any CPU
		{7290FB98-87B4-4BEA-9CCB-8E3AFBF2C86A}.Release|x86.Build.0 = Release|Any CPU
		{80D5922F-F069-4CFE-9BE7-C79AF2BBB4D8}.Debug|Any CPU.ActiveCfg = Debug|Any CPU
		{80D5922F-F069-4CFE-9BE7-C79AF2BBB4D8}.Debug|Any CPU.Build.0 = Debug|Any CPU
		{80D5922F-F069-4CFE-9BE7-C79AF2BBB4D8}.Debug|x64.ActiveCfg = Debug|Any CPU
		{80D5922F-F069-4CFE-9BE7-C79AF2BBB4D8}.Debug|x64.Build.0 = Debug|Any CPU
		{80D5922F-F069-4CFE-9BE7-C79AF2BBB4D8}.Debug|x86.ActiveCfg = Debug|Any CPU
		{80D5922F-F069-4CFE-9BE7-C79AF2BBB4D8}.Debug|x86.Build.0 = Debug|Any CPU
		{80D5922F-F069-4CFE-9BE7-C79AF2BBB4D8}.Release|Any CPU.ActiveCfg = Release|Any CPU
		{80D5922F-F069-4CFE-9BE7-C79AF2BBB4D8}.Release|Any CPU.Build.0 = Release|Any CPU
		{80D5922F-F069-4CFE-9BE7-C79AF2BBB4D8}.Release|x64.ActiveCfg = Release|Any CPU
		{80D5922F-F069-4CFE-9BE7-C79AF2BBB4D8}.Release|x64.Build.0 = Release|Any CPU
		{80D5922F-F069-4CFE-9BE7-C79AF2BBB4D8}.Release|x86.ActiveCfg = Release|Any CPU
		{80D5922F-F069-4CFE-9BE7-C79AF2BBB4D8}.Release|x86.Build.0 = Release|Any CPU
		{D268A3B8-6EA5-4ED6-81C2-056EF9C0342F}.Debug|Any CPU.ActiveCfg = Debug|Any CPU
		{D268A3B8-6EA5-4ED6-81C2-056EF9C0342F}.Debug|Any CPU.Build.0 = Debug|Any CPU
		{D268A3B8-6EA5-4ED6-81C2-056EF9C0342F}.Debug|x64.ActiveCfg = Debug|Any CPU
		{D268A3B8-6EA5-4ED6-81C2-056EF9C0342F}.Debug|x64.Build.0 = Debug|Any CPU
		{D268A3B8-6EA5-4ED6-81C2-056EF9C0342F}.Debug|x86.ActiveCfg = Debug|Any CPU
		{D268A3B8-6EA5-4ED6-81C2-056EF9C0342F}.Debug|x86.Build.0 = Debug|Any CPU
		{D268A3B8-6EA5-4ED6-81C2-056EF9C0342F}.Release|Any CPU.ActiveCfg = Release|Any CPU
		{D268A3B8-6EA5-4ED6-81C2-056EF9C0342F}.Release|Any CPU.Build.0 = Release|Any CPU
		{D268A3B8-6EA5-4ED6-81C2-056EF9C0342F}.Release|x64.ActiveCfg = Release|Any CPU
		{D268A3B8-6EA5-4ED6-81C2-056EF9C0342F}.Release|x64.Build.0 = Release|Any CPU
		{D268A3B8-6EA5-4ED6-81C2-056EF9C0342F}.Release|x86.ActiveCfg = Release|Any CPU
		{D268A3B8-6EA5-4ED6-81C2-056EF9C0342F}.Release|x86.Build.0 = Release|Any CPU
	EndGlobalSection
	GlobalSection(SolutionProperties) = preSolution
		HideSolutionNode = FALSE
	EndGlobalSection
EndGlobal
